{
  "lockfileVersion": 1,
  "workspaces": {
    "": {
      "name": "sensible",
      "dependencies": {
        "commander": "^13.1.0",
        "consola": "^3.4.0",
        "js-yaml": "^4.1.0",
        "open": "^10.1.0",
        "semver": "^7.7.1",
        "zx": "^8.3.2",
      },
      "devDependencies": {
        "@types/bun": "latest",
        "@types/js-yaml": "^4.0.9",
        "@types/semver": "^7.5.8",
      },
      "peerDependencies": {
        "typescript": "^5.0.0",
      },
    },
  },
  "packages": {
    "@types/bun": ["@types/bun@1.2.3", "", { "dependencies": { "bun-types": "1.2.3" } }, "sha512-054h79ipETRfjtsCW9qJK8Ipof67Pw9bodFWmkfkaUaRiIQ1dIV2VTlheshlBx3mpKr0KeK8VqnMMCtgN9rQtw=="],

    "@types/fs-extra": ["@types/fs-extra@11.0.4", "", { "dependencies": { "@types/jsonfile": "*", "@types/node": "*" } }, "sha512-yTbItCNreRooED33qjunPthRcSjERP1r4MqCZc7wv0u2sUkzTFp45tgUfS5+r7FrZPdmCCNflLhVSP/o+SemsQ=="],

    "@types/js-yaml": ["@types/js-yaml@4.0.9", "", {}, "sha512-k4MGaQl5TGo/iipqb2UDG2UwjXziSWkh0uysQelTlJpX1qGlpUZYm8PnO4DxG1qBomtJUdYJ6qR6xdIah10JLg=="],

    "@types/jsonfile": ["@types/jsonfile@6.1.4", "", { "dependencies": { "@types/node": "*" } }, "sha512-D5qGUYwjvnNNextdU59/+fI+spnwtTFmyQP0h+PfIOSkNfpU6AOICUOkm4i0OnSk+NyjdPJrxCDro0sJsWlRpQ=="],

    "@types/node": ["@types/node@22.13.5", "", { "dependencies": { "undici-types": "~6.20.0" } }, "sha512-+lTU0PxZXn0Dr1NBtC7Y8cR21AJr87dLLU953CWA6pMxxv/UDc7jYAY90upcrie1nRcD6XNG5HOYEDtgW5TxAg=="],

    "@types/semver": ["@types/semver@7.5.8", "", {}, "sha512-I8EUhyrgfLrcTkzV3TSsGyl1tSuPrEDzr0yd5m90UgNxQkyDXULk3b6MlQqTCpZpNtWe1K0hzclnZkTcLBe2UQ=="],

    "@types/ws": ["@types/ws@8.5.14", "", { "dependencies": { "@types/node": "*" } }, "sha512-bd/YFLW+URhBzMXurx7lWByOu+xzU9+kb3RboOteXYDfW+tr+JZa99OyNmPINEGB/ahzKrEuc8rcv4gnpJmxTw=="],

    "argparse": ["argparse@2.0.1", "", {}, "sha512-8+9WqebbFzpX9OR+Wa6O29asIogeRMzcGtAINdpMHHyAg10f05aSFVBbcEqGf/PXw1EjAZ+q2/bEBg3DvurK3Q=="],

    "bun-types": ["bun-types@1.2.3", "", { "dependencies": { "@types/node": "*", "@types/ws": "~8.5.10" } }, "sha512-P7AeyTseLKAvgaZqQrvp3RqFM3yN9PlcLuSTe7SoJOfZkER73mLdT2vEQi8U64S1YvM/ldcNiQjn0Sn7H9lGgg=="],

    "bundle-name": ["bundle-name@4.1.0", "", { "dependencies": { "run-applescript": "^7.0.0" } }, "sha512-tjwM5exMg6BGRI+kNmTntNsvdZS1X8BFYS6tnJ2hdH0kVxM6/eVZ2xy+FqStSWvYmtfFMDLIxurorHwDKfDz5Q=="],

    "commander": ["commander@13.1.0", "", {}, "sha512-/rFeCpNJQbhSZjGVwO9RFV3xPqbnERS8MmIQzCtD/zl6gpJuV/bMLuN92oG3F7d8oDEHHRrujSXNUr8fpjntKw=="],

    "consola": ["consola@3.4.0", "", {}, "sha512-EiPU8G6dQG0GFHNR8ljnZFki/8a+cQwEQ+7wpxdChl02Q8HXlwEZWD5lqAF8vC2sEC3Tehr8hy7vErz88LHyUA=="],

    "default-browser": ["default-browser@5.2.1", "", { "dependencies": { "bundle-name": "^4.1.0", "default-browser-id": "^5.0.0" } }, "sha512-WY/3TUME0x3KPYdRRxEJJvXRHV4PyPoUsxtZa78lwItwRQRHhd2U9xOscaT/YTf8uCXIAjeJOFBVEh/7FtD8Xg=="],

    "default-browser-id": ["default-browser-id@5.0.0", "", {}, "sha512-A6p/pu/6fyBcA1TRz/GqWYPViplrftcW2gZC9q79ngNCKAeR/X3gcEdXQHl4KNXV+3wgIJ1CPkJQ3IHM6lcsyA=="],

    "define-lazy-prop": ["define-lazy-prop@3.0.0", "", {}, "sha512-N+MeXYoqr3pOgn8xfyRPREN7gHakLYjhsHhWGT3fWAiL4IkAt0iDw14QiiEm2bE30c5XX5q0FtAA3CK5f9/BUg=="],

    "is-docker": ["is-docker@3.0.0", "", { "bin": { "is-docker": "cli.js" } }, "sha512-eljcgEDlEns/7AXFosB5K/2nCM4P7FQPkGc/DWLy5rmFEWvZayGrik1d9/QIY5nJ4f9YsVvBkA6kJpHn9rISdQ=="],

    "is-inside-container": ["is-inside-container@1.0.0", "", { "dependencies": { "is-docker": "^3.0.0" }, "bin": { "is-inside-container": "cli.js" } }, "sha512-KIYLCCJghfHZxqjYBE7rEy0OBuTd5xCHS7tHVgvCLkx7StIoaxwNW3hCALgEUjFfeRk+MG/Qxmp/vtETEF3tRA=="],

    "is-wsl": ["is-wsl@3.1.0", "", { "dependencies": { "is-inside-container": "^1.0.0" } }, "sha512-UcVfVfaK4Sc4m7X3dUSoHoozQGBEFeDC+zVo06t98xe8CzHSZZBekNXH+tu0NalHolcJ/QAGqS46Hef7QXBIMw=="],

    "js-yaml": ["js-yaml@4.1.0", "", { "dependencies": { "argparse": "^2.0.1" }, "bin": { "js-yaml": "bin/js-yaml.js" } }, "sha512-wpxZs9NoxZaJESJGIZTyDEaYpl0FKSA+FB9aJiyemKhMwkxQg63h4T1KJgUGHpTqPDNRcmmYLugrRjJlBtWvRA=="],

    "open": ["open@10.1.0", "", { "dependencies": { "default-browser": "^5.2.1", "define-lazy-prop": "^3.0.0", "is-inside-container": "^1.0.0", "is-wsl": "^3.1.0" } }, "sha512-mnkeQ1qP5Ue2wd+aivTD3NHd/lZ96Lu0jgf0pwktLPtx6cTZiH7tyeGRRHs0zX0rbrahXPnXlUnbeXyaBBuIaw=="],

    "run-applescript": ["run-applescript@7.0.0", "", {}, "sha512-9by4Ij99JUr/MCFBUkDKLWK3G9HVXmabKz9U5MlIAIuvuzkiOicRYs8XJLxX+xahD+mLiiCYDqF9dKAgtzKP1A=="],

    "semver": ["semver@7.7.1", "", { "bin": { "semver": "bin/semver.js" } }, "sha512-hlq8tAfn0m/61p4BVRcPzIGr6LKiMwo4VM6dGi6pt4qcRkmNzTcWq6eCEjEh+qXjkMDvPlOFFSGwQjoEa6gyMA=="],

    "typescript": ["typescript@5.7.3", "", { "bin": { "tsc": "bin/tsc", "tsserver": "bin/tsserver" } }, "sha512-84MVSjMEHP+FQRPy3pX9sTVV/INIex71s9TL2Gm5FG/WG1SqXeKyZ0k7/blY/4FdOzI12CBy1vGc4og/eus0fw=="],

    "undici-types": ["undici-types@6.20.0", "", {}, "sha512-Ny6QZ2Nju20vw1SRHe3d9jVu6gJ+4e3+MMpqu7pqE5HT6WsTSlce++GQmK5UXS8mzV8DSYHrQH+Xrf2jVcuKNg=="],

    "zx": ["zx@8.3.2", "", { "optionalDependencies": { "@types/fs-extra": ">=11", "@types/node": ">=20" }, "bin": { "zx": "build/cli.js" } }, "sha512-qjTunv1NClO05jDaUjrNZfpqC9yvNCchge/bzOcQevsh1aM5qE3TG6MY24kuQKlOWx+7vNuhqO2wa9nQCIGvZA=="],
  }
}
